
Microsoft Visual Studio Solution File, Format Version 12.00
# Visual Studio Version 17
VisualStudioVersion = 17.8.34309.116
MinimumVisualStudioVersion = 10.0.40219.1
Project("{8BC9CEB8-8B4A-11D0-8D11-00A0C91BC942}") = "Program", "Program.vcxproj", "{FF4417A7-953C-4799-8548-08BAFE3330A9}"
EndProject
Project("{8BC9CEB8-8B4A-11D0-8D11-00A0C91BC942}") = "Class 1th_compile", "..\Class 1th_compile\Class 1th_compile.vcxproj", "{328B8ABC-AD8E-44A3-A89C-5D52371262D1}"
EndProject
Project("{8BC9CEB8-8B4A-11D0-8D11-00A0C91BC942}") = "class 2th", "..\class 2th\class 2th.vcxproj", "{DC273BD3-17E6-41A7-8933-8488915ADAFB}"
EndProject
Project("{8BC9CEB8-8B4A-11D0-8D11-00A0C91BC942}") = "Class 3th (BIT)", "..\Class 3th (BIT)\Class 3th (BIT).vcxproj", "{EED6937F-7F5F-4D93-A2C3-3E62E2B89AE9}"
EndProject
Project("{8BC9CEB8-8B4A-11D0-8D11-00A0C91BC942}") = "Class 4th(OverFlow And UnderFlow)", "..\Class 4th\Class 4th.vcxproj", "{0E106F40-8EB1-422F-8625-AD396D6E93E7}"
EndProject
Project("{8BC9CEB8-8B4A-11D0-8D11-00A0C91BC942}") = "Class 5th(condtional statement)", "..\Class 5th\Class 5th.vcxproj", "{00C5777A-DABC-4004-8BF5-DB9C34454DFD}"
EndProject
Project("{8BC9CEB8-8B4A-11D0-8D11-00A0C91BC942}") = "Class 6th(Tpye Conversion)", "..\Class 6th\Class 6th.vcxproj", "{CFF51A61-0C1E-41F5-A3B4-9AB47FC1DBF3}"
EndProject
Project("{8BC9CEB8-8B4A-11D0-8D11-00A0C91BC942}") = "Class7th (Iteration Statement)", "..\Class 7th\Class 7th.vcxproj", "{CEA153B3-DE8D-4856-8AF2-A940DB94D94C}"
EndProject
Project("{8BC9CEB8-8B4A-11D0-8D11-00A0C91BC942}") = "Class 8th(Pointer)", "..\Class 8th(Pointer)\Class 8th(Pointer).vcxproj", "{9B96DE4E-B9C5-4E7B-AB75-B2A29AB9F133}"
EndProject
Project("{8BC9CEB8-8B4A-11D0-8D11-00A0C91BC942}") = "Class 9th (Arraygement)", "..\Class 9th (Arraygement)\Class 9th (Arraygement).vcxproj", "{F7BCA0EC-B564-42BC-8F17-654F47C7C800}"
EndProject
Project("{8BC9CEB8-8B4A-11D0-8D11-00A0C91BC942}") = "class 10th(function)", "..\class 10th\class 10th.vcxproj", "{CBCE1F26-CF58-475F-825C-92F427E728E8}"
EndProject
Project("{8BC9CEB8-8B4A-11D0-8D11-00A0C91BC942}") = "Class 11th(Dynamic)", "..\Class 11th(Dynamic)\Class 11th(Dynamic).vcxproj", "{378B48BA-226B-449E-9BD3-9BF3C198933D}"
EndProject
Global
	GlobalSection(SolutionConfigurationPlatforms) = preSolution
		Debug|x64 = Debug|x64
		Debug|x86 = Debug|x86
		Release|x64 = Release|x64
		Release|x86 = Release|x86
	EndGlobalSection
	GlobalSection(ProjectConfigurationPlatforms) = postSolution
		{FF4417A7-953C-4799-8548-08BAFE3330A9}.Debug|x64.ActiveCfg = Debug|x64
		{FF4417A7-953C-4799-8548-08BAFE3330A9}.Debug|x64.Build.0 = Debug|x64
		{FF4417A7-953C-4799-8548-08BAFE3330A9}.Debug|x86.ActiveCfg = Debug|Win32
		{FF4417A7-953C-4799-8548-08BAFE3330A9}.Debug|x86.Build.0 = Debug|Win32
		{FF4417A7-953C-4799-8548-08BAFE3330A9}.Release|x64.ActiveCfg = Release|x64
		{FF4417A7-953C-4799-8548-08BAFE3330A9}.Release|x64.Build.0 = Release|x64
		{FF4417A7-953C-4799-8548-08BAFE3330A9}.Release|x86.ActiveCfg = Release|Win32
		{FF4417A7-953C-4799-8548-08BAFE3330A9}.Release|x86.Build.0 = Release|Win32
		{328B8ABC-AD8E-44A3-A89C-5D52371262D1}.Debug|x64.ActiveCfg = Debug|x64
		{328B8ABC-AD8E-44A3-A89C-5D52371262D1}.Debug|x64.Build.0 = Debug|x64
		{328B8ABC-AD8E-44A3-A89C-5D52371262D1}.Debug|x86.ActiveCfg = Debug|Win32
		{328B8ABC-AD8E-44A3-A89C-5D52371262D1}.Debug|x86.Build.0 = Debug|Win32
		{328B8ABC-AD8E-44A3-A89C-5D52371262D1}.Release|x64.ActiveCfg = Release|x64
		{328B8ABC-AD8E-44A3-A89C-5D52371262D1}.Release|x64.Build.0 = Release|x64
		{328B8ABC-AD8E-44A3-A89C-5D52371262D1}.Release|x86.ActiveCfg = Release|Win32
		{328B8ABC-AD8E-44A3-A89C-5D52371262D1}.Release|x86.Build.0 = Release|Win32
		{DC273BD3-17E6-41A7-8933-8488915ADAFB}.Debug|x64.ActiveCfg = Debug|x64
		{DC273BD3-17E6-41A7-8933-8488915ADAFB}.Debug|x64.Build.0 = Debug|x64
		{DC273BD3-17E6-41A7-8933-8488915ADAFB}.Debug|x86.ActiveCfg = Debug|Win32
		{DC273BD3-17E6-41A7-8933-8488915ADAFB}.Debug|x86.Build.0 = Debug|Win32
		{DC273BD3-17E6-41A7-8933-8488915ADAFB}.Release|x64.ActiveCfg = Release|x64
		{DC273BD3-17E6-41A7-8933-8488915ADAFB}.Release|x64.Build.0 = Release|x64
		{DC273BD3-17E6-41A7-8933-8488915ADAFB}.Release|x86.ActiveCfg = Release|Win32
		{DC273BD3-17E6-41A7-8933-8488915ADAFB}.Release|x86.Build.0 = Release|Win32
		{EED6937F-7F5F-4D93-A2C3-3E62E2B89AE9}.Debug|x64.ActiveCfg = Debug|x64
		{EED6937F-7F5F-4D93-A2C3-3E62E2B89AE9}.Debug|x64.Build.0 = Debug|x64
		{EED6937F-7F5F-4D93-A2C3-3E62E2B89AE9}.Debug|x86.ActiveCfg = Debug|Win32
		{EED6937F-7F5F-4D93-A2C3-3E62E2B89AE9}.Debug|x86.Build.0 = Debug|Win32
		{EED6937F-7F5F-4D93-A2C3-3E62E2B89AE9}.Release|x64.ActiveCfg = Release|x64
		{EED6937F-7F5F-4D93-A2C3-3E62E2B89AE9}.Release|x64.Build.0 = Release|x64
		{EED6937F-7F5F-4D93-A2C3-3E62E2B89AE9}.Release|x86.ActiveCfg = Release|Win32
		{EED6937F-7F5F-4D93-A2C3-3E62E2B89AE9}.Release|x86.Build.0 = Release|Win32
		{0E106F40-8EB1-422F-8625-AD396D6E93E7}.Debug|x64.ActiveCfg = Debug|x64
		{0E106F40-8EB1-422F-8625-AD396D6E93E7}.Debug|x64.Build.0 = Debug|x64
		{0E106F40-8EB1-422F-8625-AD396D6E93E7}.Debug|x86.ActiveCfg = Debug|Win32
		{0E106F40-8EB1-422F-8625-AD396D6E93E7}.Debug|x86.Build.0 = Debug|Win32
		{0E106F40-8EB1-422F-8625-AD396D6E93E7}.Release|x64.ActiveCfg = Release|x64
		{0E106F40-8EB1-422F-8625-AD396D6E93E7}.Release|x64.Build.0 = Release|x64
		{0E106F40-8EB1-422F-8625-AD396D6E93E7}.Release|x86.ActiveCfg = Release|Win32
		{0E106F40-8EB1-422F-8625-AD396D6E93E7}.Release|x86.Build.0 = Release|Win32
		{00C5777A-DABC-4004-8BF5-DB9C34454DFD}.Debug|x64.ActiveCfg = Debug|x64
		{00C5777A-DABC-4004-8BF5-DB9C34454DFD}.Debug|x64.Build.0 = Debug|x64
		{00C5777A-DABC-4004-8BF5-DB9C34454DFD}.Debug|x86.ActiveCfg = Debug|Win32
		{00C5777A-DABC-4004-8BF5-DB9C34454DFD}.Debug|x86.Build.0 = Debug|Win32
		{00C5777A-DABC-4004-8BF5-DB9C34454DFD}.Release|x64.ActiveCfg = Release|x64
		{00C5777A-DABC-4004-8BF5-DB9C34454DFD}.Release|x64.Build.0 = Release|x64
		{00C5777A-DABC-4004-8BF5-DB9C34454DFD}.Release|x86.ActiveCfg = Release|Win32
		{00C5777A-DABC-4004-8BF5-DB9C34454DFD}.Release|x86.Build.0 = Release|Win32
		{CFF51A61-0C1E-41F5-A3B4-9AB47FC1DBF3}.Debug|x64.ActiveCfg = Debug|x64
		{CFF51A61-0C1E-41F5-A3B4-9AB47FC1DBF3}.Debug|x64.Build.0 = Debug|x64
		{CFF51A61-0C1E-41F5-A3B4-9AB47FC1DBF3}.Debug|x86.ActiveCfg = Debug|Win32
		{CFF51A61-0C1E-41F5-A3B4-9AB47FC1DBF3}.Debug|x86.Build.0 = Debug|Win32
		{CFF51A61-0C1E-41F5-A3B4-9AB47FC1DBF3}.Release|x64.ActiveCfg = Release|x64
		{CFF51A61-0C1E-41F5-A3B4-9AB47FC1DBF3}.Release|x64.Build.0 = Release|x64
		{CFF51A61-0C1E-41F5-A3B4-9AB47FC1DBF3}.Release|x86.ActiveCfg = Release|Win32
		{CFF51A61-0C1E-41F5-A3B4-9AB47FC1DBF3}.Release|x86.Build.0 = Release|Win32
		{CEA153B3-DE8D-4856-8AF2-A940DB94D94C}.Debug|x64.ActiveCfg = Debug|x64
		{CEA153B3-DE8D-4856-8AF2-A940DB94D94C}.Debug|x64.Build.0 = Debug|x64
		{CEA153B3-DE8D-4856-8AF2-A940DB94D94C}.Debug|x86.ActiveCfg = Debug|Win32
		{CEA153B3-DE8D-4856-8AF2-A940DB94D94C}.Debug|x86.Build.0 = Debug|Win32
		{CEA153B3-DE8D-4856-8AF2-A940DB94D94C}.Release|x64.ActiveCfg = Release|x64
		{CEA153B3-DE8D-4856-8AF2-A940DB94D94C}.Release|x64.Build.0 = Release|x64
		{CEA153B3-DE8D-4856-8AF2-A940DB94D94C}.Release|x86.ActiveCfg = Release|Win32
		{CEA153B3-DE8D-4856-8AF2-A940DB94D94C}.Release|x86.Build.0 = Release|Win32
		{9B96DE4E-B9C5-4E7B-AB75-B2A29AB9F133}.Debug|x64.ActiveCfg = Debug|x64
		{9B96DE4E-B9C5-4E7B-AB75-B2A29AB9F133}.Debug|x64.Build.0 = Debug|x64
		{9B96DE4E-B9C5-4E7B-AB75-B2A29AB9F133}.Debug|x86.ActiveCfg = Debug|Win32
		{9B96DE4E-B9C5-4E7B-AB75-B2A29AB9F133}.Debug|x86.Build.0 = Debug|Win32
		{9B96DE4E-B9C5-4E7B-AB75-B2A29AB9F133}.Release|x64.ActiveCfg = Release|x64
		{9B96DE4E-B9C5-4E7B-AB75-B2A29AB9F133}.Release|x64.Build.0 = Release|x64
		{9B96DE4E-B9C5-4E7B-AB75-B2A29AB9F133}.Release|x86.ActiveCfg = Release|Win32
		{9B96DE4E-B9C5-4E7B-AB75-B2A29AB9F133}.Release|x86.Build.0 = Release|Win32
		{F7BCA0EC-B564-42BC-8F17-654F47C7C800}.Debug|x64.ActiveCfg = Debug|x64
		{F7BCA0EC-B564-42BC-8F17-654F47C7C800}.Debug|x64.Build.0 = Debug|x64
		{F7BCA0EC-B564-42BC-8F17-654F47C7C800}.Debug|x86.ActiveCfg = Debug|Win32
		{F7BCA0EC-B564-42BC-8F17-654F47C7C800}.Debug|x86.Build.0 = Debug|Win32
		{F7BCA0EC-B564-42BC-8F17-654F47C7C800}.Release|x64.ActiveCfg = Release|x64
		{F7BCA0EC-B564-42BC-8F17-654F47C7C800}.Release|x64.Build.0 = Release|x64
		{F7BCA0EC-B564-42BC-8F17-654F47C7C800}.Release|x86.ActiveCfg = Release|Win32
		{F7BCA0EC-B564-42BC-8F17-654F47C7C800}.Release|x86.Build.0 = Release|Win32
		{CBCE1F26-CF58-475F-825C-92F427E728E8}.Debug|x64.ActiveCfg = Debug|x64
		{CBCE1F26-CF58-475F-825C-92F427E728E8}.Debug|x64.Build.0 = Debug|x64
		{CBCE1F26-CF58-475F-825C-92F427E728E8}.Debug|x86.ActiveCfg = Debug|Win32
		{CBCE1F26-CF58-475F-825C-92F427E728E8}.Debug|x86.Build.0 = Debug|Win32
		{CBCE1F26-CF58-475F-825C-92F427E728E8}.Release|x64.ActiveCfg = Release|x64
		{CBCE1F26-CF58-475F-825C-92F427E728E8}.Release|x64.Build.0 = Release|x64
		{CBCE1F26-CF58-475F-825C-92F427E728E8}.Release|x86.ActiveCfg = Release|Win32
		{CBCE1F26-CF58-475F-825C-92F427E728E8}.Release|x86.Build.0 = Release|Win32
		{378B48BA-226B-449E-9BD3-9BF3C198933D}.Debug|x64.ActiveCfg = Debug|x64
		{378B48BA-226B-449E-9BD3-9BF3C198933D}.Debug|x64.Build.0 = Debug|x64
		{378B48BA-226B-449E-9BD3-9BF3C198933D}.Debug|x86.ActiveCfg = Debug|Win32
		{378B48BA-226B-449E-9BD3-9BF3C198933D}.Debug|x86.Build.0 = Debug|Win32
		{378B48BA-226B-449E-9BD3-9BF3C198933D}.Release|x64.ActiveCfg = Release|x64
		{378B48BA-226B-449E-9BD3-9BF3C198933D}.Release|x64.Build.0 = Release|x64
		{378B48BA-226B-449E-9BD3-9BF3C198933D}.Release|x86.ActiveCfg = Release|Win32
		{378B48BA-226B-449E-9BD3-9BF3C198933D}.Release|x86.Build.0 = Release|Win32
	EndGlobalSection
	GlobalSection(SolutionProperties) = preSolution
		HideSolutionNode = FALSE
	EndGlobalSection
	GlobalSection(ExtensibilityGlobals) = postSolution
		SolutionGuid = {27BEF8E6-30CC-4001-873A-D28A389BBABA}
	EndGlobalSection
EndGlobal
